
Microsoft Visual Studio Solution File, Format Version 12.00
# Visual Studio Version 17
VisualStudioVersion = 17.2.32630.192
MinimumVisualStudioVersion = 10.0.40219.1
Project("{FAE04EC0-301F-11D3-BF4B-00C04F79EFBC}") = "FronEnd", "FronEnd\FronEnd.csproj", "{C27C84BE-8E3B-4294-B5BA-65B184DBD954}"
EndProject
Project("{FAE04EC0-301F-11D3-BF4B-00C04F79EFBC}") = "BackEnd", "BackEnd\BackEnd.csproj", "{59A172CA-9405-4501-A99D-05947C5F7D02}"
EndProject
Global
	GlobalSection(SolutionConfigurationPlatforms) = preSolution
		Debug|Any CPU = Debug|Any CPU
		Release|Any CPU = Release|Any CPU
	EndGlobalSection
	GlobalSection(ProjectConfigurationPlatforms) = postSolution
		{C27C84BE-8E3B-4294-B5BA-65B184DBD954}.Debug|Any CPU.ActiveCfg = Debug|Any CPU
		{C27C84BE-8E3B-4294-B5BA-65B184DBD954}.Debug|Any CPU.Build.0 = Debug|Any CPU
		{C27C84BE-8E3B-4294-B5BA-65B184DBD954}.Release|Any CPU.ActiveCfg = Release|Any CPU
		{C27C84BE-8E3B-4294-B5BA-65B184DBD954}.Release|Any CPU.Build.0 = Release|Any CPU
		{59A172CA-9405-4501-A99D-05947C5F7D02}.Debug|Any CPU.ActiveCfg = Debug|Any CPU
		{59A172CA-9405-4501-A99D-05947C5F7D02}.Debug|Any CPU.Build.0 = Debug|Any CPU
		{59A172CA-9405-4501-A99D-05947C5F7D02}.Release|Any CPU.ActiveCfg = Release|Any CPU
		{59A172CA-9405-4501-A99D-05947C5F7D02}.Release|Any CPU.Build.0 = Release|Any CPU
	EndGlobalSection
	GlobalSection(SolutionProperties) = preSolution
		HideSolutionNode = FALSE
	EndGlobalSection
	GlobalSection(ExtensibilityGlobals) = postSolution
		SolutionGuid = {42830CE1-8B8F-4FF9-826D-889215588D2C}
	EndGlobalSection
EndGlobal
